{
  "version": 4,
  "terraform_version": "1.0.3",
  "serial": 10,
  "lineage": "41c1ac0b-95db-9672-bc61-22c7dd242320",
  "outputs": {},
  "resources": [
    {
      "mode": "managed",
      "type": "azurerm_app_service",
      "name": "app_service",
      "provider": "provider[\"registry.terraform.io/hashicorp/azurerm\"]",
      "instances": [
        {
          "schema_version": 0,
          "attributes": {
            "app_service_plan_id": "/subscriptions/6c216fb7-5c19-4216-bb4c-89c4a65fdc23/resourceGroups/vivek-app-service-rg/providers/Microsoft.Web/serverfarms/vivek-service-plan",
            "app_settings": {},
            "auth_settings": [
              {
                "active_directory": [],
                "additional_login_params": {},
                "allowed_external_redirect_urls": [],
                "default_provider": "",
                "enabled": false,
                "facebook": [],
                "google": [],
                "issuer": "",
                "microsoft": [],
                "runtime_version": "",
                "token_refresh_extension_hours": 0,
                "token_store_enabled": false,
                "twitter": [],
                "unauthenticated_client_action": ""
              }
            ],
            "backup": [],
            "client_affinity_enabled": false,
            "client_cert_enabled": false,
            "connection_string": [],
            "custom_domain_verification_id": "946A3C1155B8B3EA8C9069117C912F10BB6A51DBF231C29EC53F082AFE354E80",
            "default_site_hostname": "vivek-app-service.azurewebsites.net",
            "enabled": true,
            "https_only": false,
            "id": "/subscriptions/6c216fb7-5c19-4216-bb4c-89c4a65fdc23/resourceGroups/vivek-app-service-rg/providers/Microsoft.Web/sites/vivek-app-service",
            "identity": [],
            "location": "centralus",
            "logs": [
              {
                "application_logs": [
                  {
                    "azure_blob_storage": [],
                    "file_system_level": "Off"
                  }
                ],
                "detailed_error_messages_enabled": false,
                "failed_request_tracing_enabled": false,
                "http_logs": [
                  {
                    "azure_blob_storage": [],
                    "file_system": []
                  }
                ]
              }
            ],
            "name": "vivek-app-service",
            "outbound_ip_address_list": [
              "52.182.217.230",
              "52.182.218.4",
              "52.182.218.17",
              "52.182.218.204",
              "52.182.220.9",
              "52.182.220.17",
              "20.40.202.17"
            ],
            "outbound_ip_addresses": "52.182.217.230,52.182.218.4,52.182.218.17,52.182.218.204,52.182.220.9,52.182.220.17,20.40.202.17",
            "possible_outbound_ip_address_list": [
              "52.182.217.230",
              "52.182.218.4",
              "52.182.218.17",
              "52.182.218.204",
              "52.182.220.9",
              "52.182.220.17",
              "52.182.220.23",
              "52.182.220.29",
              "52.182.220.56",
              "52.182.220.93",
              "52.182.220.97",
              "52.182.220.104",
              "52.182.220.171",
              "52.182.220.191",
              "52.182.221.16",
              "52.182.221.25",
              "52.182.221.60",
              "52.182.221.97",
              "13.86.36.28",
              "13.86.36.116",
              "13.86.36.171",
              "13.86.37.245",
              "13.86.39.180",
              "13.89.104.3",
              "20.40.202.17"
            ],
            "possible_outbound_ip_addresses": "52.182.217.230,52.182.218.4,52.182.218.17,52.182.218.204,52.182.220.9,52.182.220.17,52.182.220.23,52.182.220.29,52.182.220.56,52.182.220.93,52.182.220.97,52.182.220.104,52.182.220.171,52.182.220.191,52.182.221.16,52.182.221.25,52.182.221.60,52.182.221.97,13.86.36.28,13.86.36.116,13.86.36.171,13.86.37.245,13.86.39.180,13.89.104.3,20.40.202.17",
            "resource_group_name": "vivek-app-service-rg",
            "site_config": [
              {
                "acr_use_managed_identity_credentials": false,
                "acr_user_managed_identity_client_id": "",
                "always_on": false,
                "app_command_line": "",
                "auto_swap_slot_name": "",
                "cors": [
                  {
                    "allowed_origins": [],
                    "support_credentials": false
                  }
                ],
                "default_documents": null,
                "dotnet_framework_version": "v4.0",
                "ftps_state": "AllAllowed",
                "health_check_path": "",
                "http2_enabled": false,
                "ip_restriction": [],
                "java_container": "",
                "java_container_version": "",
                "java_version": "",
                "linux_fx_version": "DOTNETCORE|3.1",
                "local_mysql_enabled": false,
                "managed_pipeline_mode": "Integrated",
                "min_tls_version": "1.2",
                "number_of_workers": 1,
                "php_version": "",
                "python_version": "",
                "remote_debugging_enabled": false,
                "remote_debugging_version": "VS2019",
                "scm_ip_restriction": [],
                "scm_type": "None",
                "scm_use_main_ip_restriction": false,
                "use_32_bit_worker_process": false,
                "vnet_route_all_enabled": false,
                "websockets_enabled": false,
                "windows_fx_version": ""
              }
            ],
            "site_credential": [
              {
                "password": "ytmoGgSyeqbyTRs8hRiBN5j6hY4p0lwM810BENRvWf4jeg4AnArA3Sz4yeRa",
                "username": "$vivek-app-service"
              }
            ],
            "source_control": [
              {
                "branch": "master",
                "manual_integration": false,
                "repo_url": "",
                "rollback_enabled": false,
                "use_mercurial": false
              }
            ],
            "storage_account": [],
            "tags": {
              "environment": "dev"
            },
            "timeouts": null
          },
          "sensitive_attributes": [],
          "private": "eyJlMmJmYjczMC1lY2FhLTExZTYtOGY4OC0zNDM2M2JjN2M0YzAiOnsiY3JlYXRlIjoxODAwMDAwMDAwMDAwLCJkZWxldGUiOjE4MDAwMDAwMDAwMDAsInJlYWQiOjMwMDAwMDAwMDAwMCwidXBkYXRlIjoxODAwMDAwMDAwMDAwfX0=",
          "dependencies": [
            "azurerm_app_service_plan.service-plan",
            "azurerm_resource_group.test"
          ]
        }
      ]
    },
    {
      "mode": "managed",
      "type": "azurerm_app_service_plan",
      "name": "service-plan",
      "provider": "provider[\"registry.terraform.io/hashicorp/azurerm\"]",
      "instances": [
        {
          "schema_version": 0,
          "attributes": {
            "app_service_environment_id": "",
            "id": "/subscriptions/6c216fb7-5c19-4216-bb4c-89c4a65fdc23/resourceGroups/vivek-app-service-rg/providers/Microsoft.Web/serverfarms/vivek-service-plan",
            "is_xenon": false,
            "kind": "linux",
            "location": "centralus",
            "maximum_elastic_worker_count": 1,
            "maximum_number_of_workers": 3,
            "name": "vivek-service-plan",
            "per_site_scaling": false,
            "reserved": true,
            "resource_group_name": "vivek-app-service-rg",
            "sku": [
              {
                "capacity": 1,
                "size": "B1",
                "tier": "Basic"
              }
            ],
            "tags": {
              "environment": "dev"
            },
            "timeouts": null,
            "zone_redundant": false
          },
          "sensitive_attributes": [],
          "private": "eyJlMmJmYjczMC1lY2FhLTExZTYtOGY4OC0zNDM2M2JjN2M0YzAiOnsiY3JlYXRlIjozNjAwMDAwMDAwMDAwLCJkZWxldGUiOjM2MDAwMDAwMDAwMDAsInJlYWQiOjMwMDAwMDAwMDAwMCwidXBkYXRlIjozNjAwMDAwMDAwMDAwfX0=",
          "dependencies": [
            "azurerm_resource_group.test"
          ]
        }
      ]
    },
    {
      "mode": "managed",
      "type": "azurerm_resource_group",
      "name": "test",
      "provider": "provider[\"registry.terraform.io/hashicorp/azurerm\"]",
      "instances": [
        {
          "schema_version": 0,
          "attributes": {
            "id": "/subscriptions/6c216fb7-5c19-4216-bb4c-89c4a65fdc23/resourceGroups/vivek-app-service-rg",
            "location": "centralus",
            "name": "vivek-app-service-rg",
            "tags": {
              "environment": "dev"
            },
            "timeouts": null
          },
          "sensitive_attributes": [],
          "private": "eyJlMmJmYjczMC1lY2FhLTExZTYtOGY4OC0zNDM2M2JjN2M0YzAiOnsiY3JlYXRlIjo1NDAwMDAwMDAwMDAwLCJkZWxldGUiOjU0MDAwMDAwMDAwMDAsInJlYWQiOjMwMDAwMDAwMDAwMCwidXBkYXRlIjo1NDAwMDAwMDAwMDAwfX0="
        }
      ]
    }
  ]
}
